
Microsoft Visual Studio Solution File, Format Version 12.00
# Visual Studio Version 17
VisualStudioVersion = 17.8.34511.84
MinimumVisualStudioVersion = 10.0.40219.1
Project("{9A19103F-16F7-4668-BE54-9A1E7A4F7556}") = "3.18 AjaxHW.Web", "3.18 AjaxHW.Web\3.18 AjaxHW.Web.csproj", "{9A552040-3E14-4854-8101-2A0C249305C3}"
EndProject
Project("{FAE04EC0-301F-11D3-BF4B-00C04F79EFBC}") = "3.18 AjaxHW.Data", "3.18 AjaxHW.Data\3.18 AjaxHW.Data.csproj", "{ACFF7B9B-DDF7-44C3-8D61-51B6C246DDF5}"
EndProject
Global
	GlobalSection(SolutionConfigurationPlatforms) = preSolution
		Debug|Any CPU = Debug|Any CPU
		Release|Any CPU = Release|Any CPU
	EndGlobalSection
	GlobalSection(ProjectConfigurationPlatforms) = postSolution
		{9A552040-3E14-4854-8101-2A0C249305C3}.Debug|Any CPU.ActiveCfg = Debug|Any CPU
		{9A552040-3E14-4854-8101-2A0C249305C3}.Debug|Any CPU.Build.0 = Debug|Any CPU
		{9A552040-3E14-4854-8101-2A0C249305C3}.Release|Any CPU.ActiveCfg = Release|Any CPU
		{9A552040-3E14-4854-8101-2A0C249305C3}.Release|Any CPU.Build.0 = Release|Any CPU
		{ACFF7B9B-DDF7-44C3-8D61-51B6C246DDF5}.Debug|Any CPU.ActiveCfg = Debug|Any CPU
		{ACFF7B9B-DDF7-44C3-8D61-51B6C246DDF5}.Debug|Any CPU.Build.0 = Debug|Any CPU
		{ACFF7B9B-DDF7-44C3-8D61-51B6C246DDF5}.Release|Any CPU.ActiveCfg = Release|Any CPU
		{ACFF7B9B-DDF7-44C3-8D61-51B6C246DDF5}.Release|Any CPU.Build.0 = Release|Any CPU
	EndGlobalSection
	GlobalSection(SolutionProperties) = preSolution
		HideSolutionNode = FALSE
	EndGlobalSection
	GlobalSection(ExtensibilityGlobals) = postSolution
		SolutionGuid = {0F119730-6226-4596-85A4-00601976E298}
	EndGlobalSection
EndGlobal
